// !$*UTF8*$!
{
	archiveVersion = 1;
	classes = {
	};
	objectVersion = 50;
	objects = {

/* Begin PBXBuildFile section */
		C6345D8C209B602700D536DB /* AppDelegate.swift in Sources */ = {isa = PBXBuildFile; fileRef = C6345D8B209B602700D536DB /* AppDelegate.swift */; };
		C6345D8E209B602700D536DB /* ViewController.swift in Sources */ = {isa = PBXBuildFile; fileRef = C6345D8D209B602700D536DB /* ViewController.swift */; };
		C6345D91209B602700D536DB /* Main.storyboard in Resources */ = {isa = PBXBuildFile; fileRef = C6345D8F209B602700D536DB /* Main.storyboard */; };
		C6345D93209B602800D536DB /* Assets.xcassets in Resources */ = {isa = PBXBuildFile; fileRef = C6345D92209B602800D536DB /* Assets.xcassets */; };
		C6345D96209B602900D536DB /* LaunchScreen.storyboard in Resources */ = {isa = PBXBuildFile; fileRef = C6345D94209B602900D536DB /* LaunchScreen.storyboard */; };
		C6345DA1209B602900D536DB /* FNStatsTests.swift in Sources */ = {isa = PBXBuildFile; fileRef = C6345DA0209B602900D536DB /* FNStatsTests.swift */; };
		C6345DAC209B602900D536DB /* FNStatsUITests.swift in Sources */ = {isa = PBXBuildFile; fileRef = C6345DAB209B602900D536DB /* FNStatsUITests.swift */; };
/* End PBXBuildFile section */

/* Begin PBXContainerItemProxy section */
		C6345D9D209B602900D536DB /* PBXContainerItemProxy */ = {
			isa = PBXContainerItemProxy;
			containerPortal = C6345D80209B602600D536DB /* Project object */;
			proxyType = 1;
			remoteGlobalIDString = C6345D87209B602700D536DB;
			remoteInfo = FNStats;
		};
		C6345DA8209B602900D536DB /* PBXContainerItemProxy */ = {
			isa = PBXContainerItemProxy;
			containerPortal = C6345D80209B602600D536DB /* Project object */;
			proxyType = 1;
			remoteGlobalIDString = C6345D87209B602700D536DB;
			remoteInfo = FNStats;
		};
/* End PBXContainerItemProxy section */

/* Begin PBXFileReference section */
		C6345D88209B602700D536DB /* FNStats.app */ = {isa = PBXFileReference; explicitFileType = wrapper.application; includeInIndex = 0; path = FNStats.app; sourceTree = BUILT_PRODUCTS_DIR; };
		C6345D8B209B602700D536DB /* AppDelegate.swift */ = {isa = PBXFileReference; lastKnownFileType = sourcecode.swift; path = AppDelegate.swift; sourceTree = "<group>"; };
		C6345D8D209B602700D536DB /* ViewController.swift */ = {isa = PBXFileReference; lastKnownFileType = sourcecode.swift; path = ViewController.swift; sourceTree = "<group>"; };
		C6345D90209B602700D536DB /* Base */ = {isa = PBXFileReference; lastKnownFileType = file.storyboard; name = Base; path = Base.lproj/Main.storyboard; sourceTree = "<group>"; };
		C6345D92209B602800D536DB /* Assets.xcassets */ = {isa = PBXFileReference; lastKnownFileType = folder.assetcatalog; path = Assets.xcassets; sourceTree = "<group>"; };
		C6345D95209B602900D536DB /* Base */ = {isa = PBXFileReference; lastKnownFileType = file.storyboard; name = Base; path = Base.lproj/LaunchScreen.storyboard; sourceTree = "<group>"; };
		C6345D97209B602900D536DB /* Info.plist */ = {isa = PBXFileReference; lastKnownFileType = text.plist.xml; path = Info.plist; sourceTree = "<group>"; };
		C6345D9C209B602900D536DB /* FNStatsTests.xctest */ = {isa = PBXFileReference; explicitFileType = wrapper.cfbundle; includeInIndex = 0; path = FNStatsTests.xctest; sourceTree = BUILT_PRODUCTS_DIR; };
		C6345DA0209B602900D536DB /* FNStatsTests.swift */ = {isa = PBXFileReference; lastKnownFileType = sourcecode.swift; path = FNStatsTests.swift; sourceTree = "<group>"; };
		C6345DA2209B602900D536DB /* Info.plist */ = {isa = PBXFileReference; lastKnownFileType = text.plist.xml; path = Info.plist; sourceTree = "<group>"; };
		C6345DA7209B602900D536DB /* FNStatsUITests.xctest */ = {isa = PBXFileReference; explicitFileType = wrapper.cfbundle; includeInIndex = 0; path = FNStatsUITests.xctest; sourceTree = BUILT_PRODUCTS_DIR; };
		C6345DAB209B602900D536DB /* FNStatsUITests.swift */ = {isa = PBXFileReference; lastKnownFileType = sourcecode.swift; path = FNStatsUITests.swift; sourceTree = "<group>"; };
		C6345DAD209B602900D536DB /* Info.plist */ = {isa = PBXFileReference; lastKnownFileType = text.plist.xml; path = Info.plist; sourceTree = "<group>"; };
/* End PBXFileReference section */

/* Begin PBXFrameworksBuildPhase section */
		C6345D85209B602700D536DB /* Frameworks */ = {
			isa = PBXFrameworksBuildPhase;
			buildActionMask = 2147483647;
			files = (
			);
			runOnlyForDeploymentPostprocessing = 0;
		};
		C6345D99209B602900D536DB /* Frameworks */ = {
			isa = PBXFrameworksBuildPhase;
			buildActionMask = 2147483647;
			files = (
			);
			runOnlyForDeploymentPostprocessing = 0;
		};
		C6345DA4209B602900D536DB /* Frameworks */ = {
			isa = PBXFrameworksBuildPhase;
			buildActionMask = 2147483647;
			files = (
			);
			runOnlyForDeploymentPostprocessing = 0;
		};
/* End PBXFrameworksBuildPhase section */

/* Begin PBXGroup section */
		C6345D7F209B602600D536DB = {
			isa = PBXGroup;
			children = (
				C6345D8A209B602700D536DB /* FNStats */,
				C6345D9F209B602900D536DB /* FNStatsTests */,
				C6345DAA209B602900D536DB /* FNStatsUITests */,
				C6345D89209B602700D536DB /* Products */,
			);
			sourceTree = "<group>";
		};
		C6345D89209B602700D536DB /* Products */ = {
			isa = PBXGroup;
			children = (
				C6345D88209B602700D536DB /* FNStats.app */,
				C6345D9C209B602900D536DB /* FNStatsTests.xctest */,
				C6345DA7209B602900D536DB /* FNStatsUITests.xctest */,
			);
			name = Products;
			sourceTree = "<group>";
		};
		C6345D8A209B602700D536DB /* FNStats */ = {
			isa = PBXGroup;
			children = (
				C6345D8B209B602700D536DB /* AppDelegate.swift */,
				C6345D8D209B602700D536DB /* ViewController.swift */,
				C6345D8F209B602700D536DB /* Main.storyboard */,
				C6345D92209B602800D536DB /* Assets.xcassets */,
				C6345D94209B602900D536DB /* LaunchScreen.storyboard */,
				C6345D97209B602900D536DB /* Info.plist */,
			);
			path = FNStats;
			sourceTree = "<group>";
		};
		C6345D9F209B602900D536DB /* FNStatsTests */ = {
			isa = PBXGroup;
			children = (
				C6345DA0209B602900D536DB /* FNStatsTests.swift */,
				C6345DA2209B602900D536DB /* Info.plist */,
			);
			path = FNStatsTests;
			sourceTree = "<group>";
		};
		C6345DAA209B602900D536DB /* FNStatsUITests */ = {
			isa = PBXGroup;
			children = (
				C6345DAB209B602900D536DB /* FNStatsUITests.swift */,
				C6345DAD209B602900D536DB /* Info.plist */,
			);
			path = FNStatsUITests;
			sourceTree = "<group>";
		};
/* End PBXGroup section */

/* Begin PBXNativeTarget section */
		C6345D87209B602700D536DB /* FNStats */ = {
			isa = PBXNativeTarget;
			buildConfigurationList = C6345DB0209B602900D536DB /* Build configuration list for PBXNativeTarget "FNStats" */;
			buildPhases = (
				C6345D84209B602700D536DB /* Sources */,
				C6345D85209B602700D536DB /* Frameworks */,
				C6345D86209B602700D536DB /* Resources */,
			);
			buildRules = (
			);
			dependencies = (
			);
			name = FNStats;
			productName = FNStats;
			productReference = C6345D88209B602700D536DB /* FNStats.app */;
			productType = "com.apple.product-type.application";
		};
		C6345D9B209B602900D536DB /* FNStatsTests */ = {
			isa = PBXNativeTarget;
			buildConfigurationList = C6345DB3209B602900D536DB /* Build configuration list for PBXNativeTarget "FNStatsTests" */;
			buildPhases = (
				C6345D98209B602900D536DB /* Sources */,
				C6345D99209B602900D536DB /* Frameworks */,
				C6345D9A209B602900D536DB /* Resources */,
			);
			buildRules = (
			);
			dependencies = (
				C6345D9E209B602900D536DB /* PBXTargetDependency */,
			);
			name = FNStatsTests;
			productName = FNStatsTests;
			productReference = C6345D9C209B602900D536DB /* FNStatsTests.xctest */;
			productType = "com.apple.product-type.bundle.unit-test";
		};
		C6345DA6209B602900D536DB /* FNStatsUITests */ = {
			isa = PBXNativeTarget;
			buildConfigurationList = C6345DB6209B602900D536DB /* Build configuration list for PBXNativeTarget "FNStatsUITests" */;
			buildPhases = (
				C6345DA3209B602900D536DB /* Sources */,
				C6345DA4209B602900D536DB /* Frameworks */,
				C6345DA5209B602900D536DB /* Resources */,
			);
			buildRules = (
			);
			dependencies = (
				C6345DA9209B602900D536DB /* PBXTargetDependency */,
			);
			name = FNStatsUITests;
			productName = FNStatsUITests;
			productReference = C6345DA7209B602900D536DB /* FNStatsUITests.xctest */;
			productType = "com.apple.product-type.bundle.ui-testing";
		};
/* End PBXNativeTarget section */

/* Begin PBXProject section */
		C6345D80209B602600D536DB /* Project object */ = {
			isa = PBXProject;
			attributes = {
				LastSwiftUpdateCheck = 0930;
				LastUpgradeCheck = 0930;
				ORGANIZATIONNAME = "Dani Kemper";
				TargetAttributes = {
					C6345D87209B602700D536DB = {
						CreatedOnToolsVersion = 9.3;
					};
					C6345D9B209B602900D536DB = {
						CreatedOnToolsVersion = 9.3;
						TestTargetID = C6345D87209B602700D536DB;
					};
					C6345DA6209B602900D536DB = {
						CreatedOnToolsVersion = 9.3;
						TestTargetID = C6345D87209B602700D536DB;
					};
				};
			};
			buildConfigurationList = C6345D83209B602600D536DB /* Build configuration list for PBXProject "FNStats" */;
			compatibilityVersion = "Xcode 9.3";
			developmentRegion = en;
			hasScannedForEncodings = 0;
			knownRegions = (
				en,
				Base,
			);
			mainGroup = C6345D7F209B602600D536DB;
			productRefGroup = C6345D89209B602700D536DB /* Products */;
			projectDirPath = "";
			projectRoot = "";
			targets = (
				C6345D87209B602700D536DB /* FNStats */,
				C6345D9B209B602900D536DB /* FNStatsTests */,
				C6345DA6209B602900D536DB /* FNStatsUITests */,
			);
		};
/* End PBXProject section */

/* Begin PBXResourcesBuildPhase section */
		C6345D86209B602700D536DB /* Resources */ = {
			isa = PBXResourcesBuildPhase;
			buildActionMask = 2147483647;
			files = (
				C6345D96209B602900D536DB /* LaunchScreen.storyboard in Resources */,
				C6345D93209B602800D536DB /* Assets.xcassets in Resources */,
				C6345D91209B602700D536DB /* Main.storyboard in Resources */,
			);
			runOnlyForDeploymentPostprocessing = 0;
		};
		C6345D9A209B602900D536DB /* Resources */ = {
			isa = PBXResourcesBuildPhase;
			buildActionMask = 2147483647;
			files = (
			);
			runOnlyForDeploymentPostprocessing = 0;
		};
		C6345DA5209B602900D536DB /* Resources */ = {
			isa = PBXResourcesBuildPhase;
			buildActionMask = 2147483647;
			files = (
			);
			runOnlyForDeploymentPostprocessing = 0;
		};
/* End PBXResourcesBuildPhase section */

/* Begin PBXSourcesBuildPhase section */
		C6345D84209B602700D536DB /* Sources */ = {
			isa = PBXSourcesBuildPhase;
			buildActionMask = 2147483647;
			files = (
				C6345D8E209B602700D536DB /* ViewController.swift in Sources */,
				C6345D8C209B602700D536DB /* AppDelegate.swift in Sources */,
			);
			runOnlyForDeploymentPostprocessing = 0;
		};
		C6345D98209B602900D536DB /* Sources */ = {
			isa = PBXSourcesBuildPhase;
			buildActionMask = 2147483647;
			files = (
				C6345DA1209B602900D536DB /* FNStatsTests.swift in Sources */,
			);
			runOnlyForDeploymentPostprocessing = 0;
		};
		C6345DA3209B602900D536DB /* Sources */ = {
			isa = PBXSourcesBuildPhase;
			buildActionMask = 2147483647;
			files = (
				C6345DAC209B602900D536DB /* FNStatsUITests.swift in Sources */,
			);
			runOnlyForDeploymentPostprocessing = 0;
		};
/* End PBXSourcesBuildPhase section */

/* Begin PBXTargetDependency section */
		C6345D9E209B602900D536DB /* PBXTargetDependency */ = {
			isa = PBXTargetDependency;
			target = C6345D87209B602700D536DB /* FNStats */;
			targetProxy = C6345D9D209B602900D536DB /* PBXContainerItemProxy */;
		};
		C6345DA9209B602900D536DB /* PBXTargetDependency */ = {
			isa = PBXTargetDependency;
			target = C6345D87209B602700D536DB /* FNStats */;
			targetProxy = C6345DA8209B602900D536DB /* PBXContainerItemProxy */;
		};
/* End PBXTargetDependency section */

/* Begin PBXVariantGroup section */
		C6345D8F209B602700D536DB /* Main.storyboard */ = {
			isa = PBXVariantGroup;
			children = (
				C6345D90209B602700D536DB /* Base */,
			);
			name = Main.storyboard;
			sourceTree = "<group>";
		};
		C6345D94209B602900D536DB /* LaunchScreen.storyboard */ = {
			isa = PBXVariantGroup;
			children = (
				C6345D95209B602900D536DB /* Base */,
			);
			name = LaunchScreen.storyboard;
			sourceTree = "<group>";
		};
/* End PBXVariantGroup section */

/* Begin XCBuildConfiguration section */
		C6345DAE209B602900D536DB /* Debug */ = {
			isa = XCBuildConfiguration;
			buildSettings = {
				ALWAYS_SEARCH_USER_PATHS = NO;
				CLANG_ANALYZER_NONNULL = YES;
				CLANG_ANALYZER_NUMBER_OBJECT_CONVERSION = YES_AGGRESSIVE;
				CLANG_CXX_LANGUAGE_STANDARD = "gnu++14";
				CLANG_CXX_LIBRARY = "libc++";
				CLANG_ENABLE_MODULES = YES;
				CLANG_ENABLE_OBJC_ARC = YES;
				CLANG_ENABLE_OBJC_WEAK = YES;
				CLANG_WARN_BLOCK_CAPTURE_AUTORELEASING = YES;
				CLANG_WARN_BOOL_CONVERSION = YES;
				CLANG_WARN_COMMA = YES;
				CLANG_WARN_CONSTANT_CONVERSION = YES;
				CLANG_WARN_DEPRECATED_OBJC_IMPLEMENTATIONS = YES;
				CLANG_WARN_DIRECT_OBJC_ISA_USAGE = YES_ERROR;
				CLANG_WARN_DOCUMENTATION_COMMENTS = YES;
				CLANG_WARN_EMPTY_BODY = YES;
				CLANG_WARN_ENUM_CONVERSION = YES;
				CLANG_WARN_INFINITE_RECURSION = YES;
				CLANG_WARN_INT_CONVERSION = YES;
				CLANG_WARN_NON_LITERAL_NULL_CONVERSION = YES;
				CLANG_WARN_OBJC_IMPLICIT_RETAIN_SELF = YES;
				CLANG_WARN_OBJC_LITERAL_CONVERSION = YES;
				CLANG_WARN_OBJC_ROOT_CLASS = YES_ERROR;
				CLANG_WARN_RANGE_LOOP_ANALYSIS = YES;
				CLANG_WARN_STRICT_PROTOTYPES = YES;
				CLANG_WARN_SUSPICIOUS_MOVE = YES;
				CLANG_WARN_UNGUARDED_AVAILABILITY = YES_AGGRESSIVE;
				CLANG_WARN_UNREACHABLE_CODE = YES;
				CLANG_WARN__DUPLICATE_METHOD_MATCH = YES;
				CODE_SIGN_IDENTITY = "iPhone Developer";
				COPY_PHASE_STRIP = NO;
				DEBUG_INFORMATION_FORMAT = dwarf;
				ENABLE_STRICT_OBJC_MSGSEND = YES;
				ENABLE_TESTABILITY = YES;
				GCC_C_LANGUAGE_STANDARD = gnu11;
				GCC_DYNAMIC_NO_PIC = NO;
				GCC_NO_COMMON_BLOCKS = YES;
				GCC_OPTIMIZATION_LEVEL = 0;
				GCC_PREPROCESSOR_DEFINITIONS = (
					"DEBUG=1",
					"$(inherited)",
				);
				GCC_WARN_64_TO_32_BIT_CONVERSION = YES;
				GCC_WARN_ABOUT_RETURN_TYPE = YES_ERROR;
				GCC_WARN_UNDECLARED_SELECTOR = YES;
				GCC_WARN_UNINITIALIZED_AUTOS = YES_AGGRESSIVE;
				GCC_WARN_UNUSED_FUNCTION = YES;
				GCC_WARN_UNUSED_VARIABLE = YES;
				IPHONEOS_DEPLOYMENT_TARGET = 11.3;
				MTL_ENABLE_DEBUG_INFO = YES;
				ONLY_ACTIVE_ARCH = YES;
				SDKROOT = iphoneos;
				SWIFT_ACTIVE_COMPILATION_CONDITIONS = DEBUG;
				SWIFT_OPTIMIZATION_LEVEL = "-Onone";
			};
			name = Debug;
		};
		C6345DAF209B602900D536DB /* Release */ = {
			isa = XCBuildConfiguration;
			buildSettings = {
				ALWAYS_SEARCH_USER_PATHS = NO;
				CLANG_ANALYZER_NONNULL = YES;
				CLANG_ANALYZER_NUMBER_OBJECT_CONVERSION = YES_AGGRESSIVE;
				CLANG_CXX_LANGUAGE_STANDARD = "gnu++14";
				CLANG_CXX_LIBRARY = "libc++";
				CLANG_ENABLE_MODULES = YES;
				CLANG_ENABLE_OBJC_ARC = YES;
				CLANG_ENABLE_OBJC_WEAK = YES;
				CLANG_WARN_BLOCK_CAPTURE_AUTORELEASING = YES;
				CLANG_WARN_BOOL_CONVERSION = YES;
				CLANG_WARN_COMMA = YES;
				CLANG_WARN_CONSTANT_CONVERSION = YES;
				CLANG_WARN_DEPRECATED_OBJC_IMPLEMENTATIONS = YES;
				CLANG_WARN_DIRECT_OBJC_ISA_USAGE = YES_ERROR;
				CLANG_WARN_DOCUMENTATION_COMMENTS = YES;
				CLANG_WARN_EMPTY_BODY = YES;
				CLANG_WARN_ENUM_CONVERSION = YES;
				CLANG_WARN_INFINITE_RECURSION = YES;
				CLANG_WARN_INT_CONVERSION = YES;
				CLANG_WARN_NON_LITERAL_NULL_CONVERSION = YES;
				CLANG_WARN_OBJC_IMPLICIT_RETAIN_SELF = YES;
				CLANG_WARN_OBJC_LITERAL_CONVERSION = YES;
				CLANG_WARN_OBJC_ROOT_CLASS = YES_ERROR;
				CLANG_WARN_RANGE_LOOP_ANALYSIS = YES;
				CLANG_WARN_STRICT_PROTOTYPES = YES;
				CLANG_WARN_SUSPICIOUS_MOVE = YES;
				CLANG_WARN_UNGUARDED_AVAILABILITY = YES_AGGRESSIVE;
				CLANG_WARN_UNREACHABLE_CODE = YES;
				CLANG_WARN__DUPLICATE_METHOD_MATCH = YES;
				CODE_SIGN_IDENTITY = "iPhone Developer";
				COPY_PHASE_STRIP = NO;
				DEBUG_INFORMATION_FORMAT = "dwarf-with-dsym";
				ENABLE_NS_ASSERTIONS = NO;
				ENABLE_STRICT_OBJC_MSGSEND = YES;
				GCC_C_LANGUAGE_STANDARD = gnu11;
				GCC_NO_COMMON_BLOCKS = YES;
				GCC_WARN_64_TO_32_BIT_CONVERSION = YES;
				GCC_WARN_ABOUT_RETURN_TYPE = YES_ERROR;
				GCC_WARN_UNDECLARED_SELECTOR = YES;
				GCC_WARN_UNINITIALIZED_AUTOS = YES_AGGRESSIVE;
				GCC_WARN_UNUSED_FUNCTION = YES;
				GCC_WARN_UNUSED_VARIABLE = YES;
				IPHONEOS_DEPLOYMENT_TARGET = 11.3;
				MTL_ENABLE_DEBUG_INFO = NO;
				SDKROOT = iphoneos;
				SWIFT_COMPILATION_MODE = wholemodule;
				SWIFT_OPTIMIZATION_LEVEL = "-O";
				VALIDATE_PRODUCT = YES;
			};
			name = Release;
		};
		C6345DB1209B602900D536DB /* Debug */ = {
			isa = XCBuildConfiguration;
			buildSettings = {
				ASSETCATALOG_COMPILER_APPICON_NAME = AppIcon;
				CODE_SIGN_STYLE = Automatic;
				DEVELOPMENT_TEAM = 79DH47CJJQ;
				INFOPLIST_FILE = FNStats/Info.plist;
				LD_RUNPATH_SEARCH_PATHS = (
					"$(inherited)",
					"@executable_path/Frameworks",
				);
				PRODUCT_BUNDLE_IDENTIFIER = DaniKemper.FNStats;
				PRODUCT_NAME = "$(TARGET_NAME)";
				SWIFT_VERSION = 4.0;
				TARGETED_DEVICE_FAMILY = "1,2";
			};
			name = Debug;
		};
		C6345DB2209B602900D536DB /* Release */ = {
			isa = XCBuildConfiguration;
			buildSettings = {
				ASSETCATALOG_COMPILER_APPICON_NAME = AppIcon;
				CODE_SIGN_STYLE = Automatic;
				DEVELOPMENT_TEAM = 79DH47CJJQ;
				INFOPLIST_FILE = FNStats/Info.plist;
				LD_RUNPATH_SEARCH_PATHS = (
					"$(inherited)",
					"@executable_path/Frameworks",
				);
				PRODUCT_BUNDLE_IDENTIFIER = DaniKemper.FNStats;
				PRODUCT_NAME = "$(TARGET_NAME)";
				SWIFT_VERSION = 4.0;
				TARGETED_DEVICE_FAMILY = "1,2";
			};
			name = Release;
		};
		C6345DB4209B602900D536DB /* Debug */ = {
			isa = XCBuildConfiguration;
			buildSettings = {
				ALWAYS_EMBED_SWIFT_STANDARD_LIBRARIES = YES;
				BUNDLE_LOADER = "$(TEST_HOST)";
				CODE_SIGN_STYLE = Automatic;
				DEVELOPMENT_TEAM = 79DH47CJJQ;
				INFOPLIST_FILE = FNStatsTests/Info.plist;
				LD_RUNPATH_SEARCH_PATHS = (
					"$(inherited)",
					"@executable_path/Frameworks",
					"@loader_path/Frameworks",
				);
				PRODUCT_BUNDLE_IDENTIFIER = DaniKemper.FNStatsTests;
				PRODUCT_NAME = "$(TARGET_NAME)";
				SWIFT_VERSION = 4.0;
				TARGETED_DEVICE_FAMILY = "1,2";
				TEST_HOST = "$(BUILT_PRODUCTS_DIR)/FNStats.app/FNStats";
			};
			name = Debug;
		};
		C6345DB5209B602900D536DB /* Release */ = {
			isa = XCBuildConfiguration;
			buildSettings = {
				ALWAYS_EMBED_SWIFT_STANDARD_LIBRARIES = YES;
				BUNDLE_LOADER = "$(TEST_HOST)";
				CODE_SIGN_STYLE = Automatic;
				DEVELOPMENT_TEAM = 79DH47CJJQ;
				INFOPLIST_FILE = FNStatsTests/Info.plist;
				LD_RUNPATH_SEARCH_PATHS = (
					"$(inherited)",
					"@executable_path/Frameworks",
					"@loader_path/Frameworks",
				);
				PRODUCT_BUNDLE_IDENTIFIER = DaniKemper.FNStatsTests;
				PRODUCT_NAME = "$(TARGET_NAME)";
				SWIFT_VERSION = 4.0;
				TARGETED_DEVICE_FAMILY = "1,2";
				TEST_HOST = "$(BUILT_PRODUCTS_DIR)/FNStats.app/FNStats";
			};
			name = Release;
		};
		C6345DB7209B602900D536DB /* Debug */ = {
			isa = XCBuildConfiguration;
			buildSettings = {
				ALWAYS_EMBED_SWIFT_STANDARD_LIBRARIES = YES;
				CODE_SIGN_STYLE = Automatic;
				DEVELOPMENT_TEAM = 79DH47CJJQ;
				INFOPLIST_FILE = FNStatsUITests/Info.plist;
				LD_RUNPATH_SEARCH_PATHS = (
					"$(inherited)",
					"@executable_path/Frameworks",
					"@loader_path/Frameworks",
				);
				PRODUCT_BUNDLE_IDENTIFIER = DaniKemper.FNStatsUITests;
				PRODUCT_NAME = "$(TARGET_NAME)";
				SWIFT_VERSION = 4.0;
				TARGETED_DEVICE_FAMILY = "1,2";
				TEST_TARGET_NAME = FNStats;
			};
			name = Debug;
		};
		C6345DB8209B602900D536DB /* Release */ = {
			isa = XCBuildConfiguration;
			buildSettings = {
				ALWAYS_EMBED_SWIFT_STANDARD_LIBRARIES = YES;
				CODE_SIGN_STYLE = Automatic;
				DEVELOPMENT_TEAM = 79DH47CJJQ;
				INFOPLIST_FILE = FNStatsUITests/Info.plist;
				LD_RUNPATH_SEARCH_PATHS = (
					"$(inherited)",
					"@executable_path/Frameworks",
					"@loader_path/Frameworks",
				);
				PRODUCT_BUNDLE_IDENTIFIER = DaniKemper.FNStatsUITests;
				PRODUCT_NAME = "$(TARGET_NAME)";
				SWIFT_VERSION = 4.0;
				TARGETED_DEVICE_FAMILY = "1,2";
				TEST_TARGET_NAME = FNStats;
			};
			name = Release;
		};
/* End XCBuildConfiguration section */

/* Begin XCConfigurationList section */
		C6345D83209B602600D536DB /* Build configuration list for PBXProject "FNStats" */ = {
			isa = XCConfigurationList;
			buildConfigurations = (
				C6345DAE209B602900D536DB /* Debug */,
				C6345DAF209B602900D536DB /* Release */,
			);
			defaultConfigurationIsVisible = 0;
			defaultConfigurationName = Release;
		};
		C6345DB0209B602900D536DB /* Build configuration list for PBXNativeTarget "FNStats" */ = {
			isa = XCConfigurationList;
			buildConfigurations = (
				C6345DB1209B602900D536DB /* Debug */,
				C6345DB2209B602900D536DB /* Release */,
			);
			defaultConfigurationIsVisible = 0;
			defaultConfigurationName = Release;
		};
		C6345DB3209B602900D536DB /* Build configuration list for PBXNativeTarget "FNStatsTests" */ = {
			isa = XCConfigurationList;
			buildConfigurations = (
				C6345DB4209B602900D536DB /* Debug */,
				C6345DB5209B602900D536DB /* Release */,
			);
			defaultConfigurationIsVisible = 0;
			defaultConfigurationName = Release;
		};
		C6345DB6209B602900D536DB /* Build configuration list for PBXNativeTarget "FNStatsUITests" */ = {
			isa = XCConfigurationList;
			buildConfigurations = (
				C6345DB7209B602900D536DB /* Debug */,
				C6345DB8209B602900D536DB /* Release */,
			);
			defaultConfigurationIsVisible = 0;
			defaultConfigurationName = Release;
		};
/* End XCConfigurationList section */
	};
	rootObject = C6345D80209B602600D536DB /* Project object */;
}
